{
  "name": "RAG_Admin_UI",
  "lockfileVersion": 3,
  "requires": true,
  "packages": {
    "": {
      "name": "RAG_Admin_UI",
      "dependencies": {
        "dayjs": "^1.11.15",
        "papaparse": "^5.5.3"
      }
    },
    "node_modules/dayjs": {
      "version": "1.11.15",
      "resolved": "https://registry.npmjs.org/dayjs/-/dayjs-1.11.15.tgz",
      "integrity": "sha512-MC+DfnSWiM9APs7fpiurHGCoeIx0Gdl6QZBy+5lu8MbYKN5FZEXqOgrundfibdfhGZ15o9hzmZ2xJjZnbvgKXQ==",
      "license": "MIT"
    },
    "node_modules/papaparse": {
      "version": "5.5.3",
      "resolved": "https://registry.npmjs.org/papaparse/-/papaparse-5.5.3.tgz",
      "integrity": "sha512-5QvjGxYVjxO59MGU2lHVYpRWBBtKHnlIAcSe1uNFCkkptUh63NFRj0FJQm7nR67puEruUci/ZkjmEFrjCAyP4A==",
      "license": "MIT"
    }
  }
}
